{
  "requires": true,
  "lockfileVersion": 1,
  "dependencies": {
    "fuse.js": {
      "version": "6.0.4",
      "resolved": "https://registry.npmjs.org/fuse.js/-/fuse.js-6.0.4.tgz",
      "integrity": "sha512-XAeQaT+DV8dxqohN911+Qzkb4iMzTzae04mdb9/XSQbMjbsFasQxe0+UwM+3UWP+8vO7svz1Rj0KuQw6xJ45Ww=="
    }
  }
}
